
Microsoft Visual Studio Solution File, Format Version 12.00
# Visual Studio Version 16
VisualStudioVersion = 16.0.31613.86
MinimumVisualStudioVersion = 10.0.40219.1
Project("{FAE04EC0-301F-11D3-BF4B-00C04F79EFBC}") = "ArrayApp01", "ArrayApp01\ArrayApp01.csproj", "{1DD0D3A8-4D77-4FC1-93EA-B4BBC9968972}"
EndProject
Global
	GlobalSection(SolutionConfigurationPlatforms) = preSolution
		Debug|Any CPU = Debug|Any CPU
		Release|Any CPU = Release|Any CPU
	EndGlobalSection
	GlobalSection(ProjectConfigurationPlatforms) = postSolution
		{1DD0D3A8-4D77-4FC1-93EA-B4BBC9968972}.Debug|Any CPU.ActiveCfg = Debug|Any CPU
		{1DD0D3A8-4D77-4FC1-93EA-B4BBC9968972}.Debug|Any CPU.Build.0 = Debug|Any CPU
		{1DD0D3A8-4D77-4FC1-93EA-B4BBC9968972}.Release|Any CPU.ActiveCfg = Release|Any CPU
		{1DD0D3A8-4D77-4FC1-93EA-B4BBC9968972}.Release|Any CPU.Build.0 = Release|Any CPU
	EndGlobalSection
	GlobalSection(SolutionProperties) = preSolution
		HideSolutionNode = FALSE
	EndGlobalSection
	GlobalSection(ExtensibilityGlobals) = postSolution
		SolutionGuid = {AA1E7F78-68AA-4082-B0B0-9FE4B8A80B6C}
	EndGlobalSection
EndGlobal
